# This file is automatically @generated by Cargo.
# It is not intended for manual editing.
[[package]]
name = "multimap"
version = "0.8.0"
source = "registry+https://github.com/rust-lang/crates.io-index"
dependencies = [
 "serde 1.0.104 (registry+https://github.com/rust-lang/crates.io-index)",
]

[[package]]
name = "rust-ini"
version = "0.14.0"
source = "registry+https://github.com/rust-lang/crates.io-index"
dependencies = [
 "multimap 0.8.0 (registry+https://github.com/rust-lang/crates.io-index)",
]

[[package]]
name = "serde"
version = "1.0.104"
source = "registry+https://github.com/rust-lang/crates.io-index"

[[package]]
name = "simpleweather"
version = "0.1.0"
dependencies = [
 "rust-ini 0.14.0 (registry+https://github.com/rust-lang/crates.io-index)",
]

[metadata]
"checksum multimap 0.8.0 (registry+https://github.com/rust-lang/crates.io-index)" = "a97fbd5d00e0e37bfb10f433af8f5aaf631e739368dc9fc28286ca81ca4948dc"
"checksum rust-ini 0.14.0 (registry+https://github.com/rust-lang/crates.io-index)" = "0c96a7d6722944454c68ff2ba2a252a4e9b0635c03dd510fdf482a2c8981cbf2"
"checksum serde 1.0.104 (registry+https://github.com/rust-lang/crates.io-index)" = "414115f25f818d7dfccec8ee535d76949ae78584fc4f79a6f45a904bf8ab4449"
